
Microsoft Visual Studio Solution File, Format Version 12.00
# Visual Studio Version 17
VisualStudioVersion = 17.0.32112.339
MinimumVisualStudioVersion = 10.0.40219.1
Project("{FAE04EC0-301F-11D3-BF4B-00C04F79EFBC}") = "ScontroTraVeicoli", "ScontroTraVeicoli\ScontroTraVeicoli.csproj", "{604E71D3-253C-45FF-BB33-E2A4B0D90BAF}"
EndProject
Global
	GlobalSection(SolutionConfigurationPlatforms) = preSolution
		Debug|Any CPU = Debug|Any CPU
		Release|Any CPU = Release|Any CPU
	EndGlobalSection
	GlobalSection(ProjectConfigurationPlatforms) = postSolution
		{604E71D3-253C-45FF-BB33-E2A4B0D90BAF}.Debug|Any CPU.ActiveCfg = Debug|Any CPU
		{604E71D3-253C-45FF-BB33-E2A4B0D90BAF}.Debug|Any CPU.Build.0 = Debug|Any CPU
		{604E71D3-253C-45FF-BB33-E2A4B0D90BAF}.Release|Any CPU.ActiveCfg = Release|Any CPU
		{604E71D3-253C-45FF-BB33-E2A4B0D90BAF}.Release|Any CPU.Build.0 = Release|Any CPU
	EndGlobalSection
	GlobalSection(SolutionProperties) = preSolution
		HideSolutionNode = FALSE
	EndGlobalSection
	GlobalSection(ExtensibilityGlobals) = postSolution
		SolutionGuid = {A25E253B-462B-4695-B9CC-361618E27369}
	EndGlobalSection
EndGlobal
