
Microsoft Visual Studio Solution File, Format Version 12.00
# Visual Studio Version 16
VisualStudioVersion = 16.0.30621.155
MinimumVisualStudioVersion = 10.0.40219.1
Project("{FAE04EC0-301F-11D3-BF4B-00C04F79EFBC}") = "Verifica Vaira", "Verifica Vaira\Verifica Vaira.csproj", "{B909B522-0005-4A61-93E3-575C4C893FF9}"
EndProject
Global
	GlobalSection(SolutionConfigurationPlatforms) = preSolution
		Debug|Any CPU = Debug|Any CPU
		Release|Any CPU = Release|Any CPU
	EndGlobalSection
	GlobalSection(ProjectConfigurationPlatforms) = postSolution
		{B909B522-0005-4A61-93E3-575C4C893FF9}.Debug|Any CPU.ActiveCfg = Debug|Any CPU
		{B909B522-0005-4A61-93E3-575C4C893FF9}.Debug|Any CPU.Build.0 = Debug|Any CPU
		{B909B522-0005-4A61-93E3-575C4C893FF9}.Release|Any CPU.ActiveCfg = Release|Any CPU
		{B909B522-0005-4A61-93E3-575C4C893FF9}.Release|Any CPU.Build.0 = Release|Any CPU
	EndGlobalSection
	GlobalSection(SolutionProperties) = preSolution
		HideSolutionNode = FALSE
	EndGlobalSection
	GlobalSection(ExtensibilityGlobals) = postSolution
		SolutionGuid = {2EE728E0-DF50-4BFF-A436-CD37FAC26A9A}
	EndGlobalSection
EndGlobal
