
Microsoft Visual Studio Solution File, Format Version 12.00
# Visual Studio Version 17
VisualStudioVersion = 17.0.32112.339
MinimumVisualStudioVersion = 10.0.40219.1
Project("{FAE04EC0-301F-11D3-BF4B-00C04F79EFBC}") = "gestionaleEventi", "gestionaleEventi\gestionaleEventi.csproj", "{8A93C7ED-A938-413F-8FA6-DB2F0CC740AA}"
EndProject
Global
	GlobalSection(SolutionConfigurationPlatforms) = preSolution
		Debug|Any CPU = Debug|Any CPU
		Release|Any CPU = Release|Any CPU
	EndGlobalSection
	GlobalSection(ProjectConfigurationPlatforms) = postSolution
		{8A93C7ED-A938-413F-8FA6-DB2F0CC740AA}.Debug|Any CPU.ActiveCfg = Debug|Any CPU
		{8A93C7ED-A938-413F-8FA6-DB2F0CC740AA}.Debug|Any CPU.Build.0 = Debug|Any CPU
		{8A93C7ED-A938-413F-8FA6-DB2F0CC740AA}.Release|Any CPU.ActiveCfg = Release|Any CPU
		{8A93C7ED-A938-413F-8FA6-DB2F0CC740AA}.Release|Any CPU.Build.0 = Release|Any CPU
	EndGlobalSection
	GlobalSection(SolutionProperties) = preSolution
		HideSolutionNode = FALSE
	EndGlobalSection
	GlobalSection(ExtensibilityGlobals) = postSolution
		SolutionGuid = {C920D847-B646-49E2-998D-EB52D59D10E9}
	EndGlobalSection
EndGlobal
