
Microsoft Visual Studio Solution File, Format Version 12.00
# Visual Studio Version 16
VisualStudioVersion = 16.0.30621.155
MinimumVisualStudioVersion = 10.0.40219.1
Project("{FAE04EC0-301F-11D3-BF4B-00C04F79EFBC}") = "WindowsForms02", "WindowsForms02.csproj", "{B4B21F02-5DA5-4F75-938D-CE86834E954D}"
EndProject
Global
	GlobalSection(SolutionConfigurationPlatforms) = preSolution
		Debug|Any CPU = Debug|Any CPU
		Release|Any CPU = Release|Any CPU
	EndGlobalSection
	GlobalSection(ProjectConfigurationPlatforms) = postSolution
		{B4B21F02-5DA5-4F75-938D-CE86834E954D}.Debug|Any CPU.ActiveCfg = Debug|Any CPU
		{B4B21F02-5DA5-4F75-938D-CE86834E954D}.Debug|Any CPU.Build.0 = Debug|Any CPU
		{B4B21F02-5DA5-4F75-938D-CE86834E954D}.Release|Any CPU.ActiveCfg = Release|Any CPU
		{B4B21F02-5DA5-4F75-938D-CE86834E954D}.Release|Any CPU.Build.0 = Release|Any CPU
	EndGlobalSection
	GlobalSection(SolutionProperties) = preSolution
		HideSolutionNode = FALSE
	EndGlobalSection
	GlobalSection(ExtensibilityGlobals) = postSolution
		SolutionGuid = {CCFBC2E4-1141-4D71-A6E6-29ADF9FAF66B}
	EndGlobalSection
EndGlobal
