
Microsoft Visual Studio Solution File, Format Version 12.00
# Visual Studio Version 16
VisualStudioVersion = 16.0.29411.108
MinimumVisualStudioVersion = 10.0.40219.1
Project("{FAE04EC0-301F-11D3-BF4B-00C04F79EFBC}") = "OOP04_Ereditarietà02", "OOP04_Ereditarietà02\OOP04_Ereditarietà02.csproj", "{B1BB69E8-2782-4531-B727-18A3D5B26E54}"
EndProject
Global
	GlobalSection(SolutionConfigurationPlatforms) = preSolution
		Debug|Any CPU = Debug|Any CPU
		Release|Any CPU = Release|Any CPU
	EndGlobalSection
	GlobalSection(ProjectConfigurationPlatforms) = postSolution
		{B1BB69E8-2782-4531-B727-18A3D5B26E54}.Debug|Any CPU.ActiveCfg = Debug|Any CPU
		{B1BB69E8-2782-4531-B727-18A3D5B26E54}.Debug|Any CPU.Build.0 = Debug|Any CPU
		{B1BB69E8-2782-4531-B727-18A3D5B26E54}.Release|Any CPU.ActiveCfg = Release|Any CPU
		{B1BB69E8-2782-4531-B727-18A3D5B26E54}.Release|Any CPU.Build.0 = Release|Any CPU
	EndGlobalSection
	GlobalSection(SolutionProperties) = preSolution
		HideSolutionNode = FALSE
	EndGlobalSection
	GlobalSection(ExtensibilityGlobals) = postSolution
		SolutionGuid = {19324A80-F1EF-458B-8AC4-50775E3BE9C9}
	EndGlobalSection
EndGlobal
