
Microsoft Visual Studio Solution File, Format Version 12.00
# Visual Studio Version 17
VisualStudioVersion = 17.0.32112.339
MinimumVisualStudioVersion = 10.0.40219.1
Project("{FAE04EC0-301F-11D3-BF4B-00C04F79EFBC}") = "LancioDado", "LancioDado\LancioDado.csproj", "{69A4737F-D88D-42EC-80FB-2B7C1183CA7F}"
EndProject
Global
	GlobalSection(SolutionConfigurationPlatforms) = preSolution
		Debug|Any CPU = Debug|Any CPU
		Release|Any CPU = Release|Any CPU
	EndGlobalSection
	GlobalSection(ProjectConfigurationPlatforms) = postSolution
		{69A4737F-D88D-42EC-80FB-2B7C1183CA7F}.Debug|Any CPU.ActiveCfg = Debug|Any CPU
		{69A4737F-D88D-42EC-80FB-2B7C1183CA7F}.Debug|Any CPU.Build.0 = Debug|Any CPU
		{69A4737F-D88D-42EC-80FB-2B7C1183CA7F}.Release|Any CPU.ActiveCfg = Release|Any CPU
		{69A4737F-D88D-42EC-80FB-2B7C1183CA7F}.Release|Any CPU.Build.0 = Release|Any CPU
	EndGlobalSection
	GlobalSection(SolutionProperties) = preSolution
		HideSolutionNode = FALSE
	EndGlobalSection
	GlobalSection(ExtensibilityGlobals) = postSolution
		SolutionGuid = {502DA5BB-193F-4509-A9DF-B15A980791D8}
	EndGlobalSection
EndGlobal
