
Microsoft Visual Studio Solution File, Format Version 12.00
# Visual Studio Version 17
VisualStudioVersion = 17.0.32112.339
MinimumVisualStudioVersion = 10.0.40219.1
Project("{FAE04EC0-301F-11D3-BF4B-00C04F79EFBC}") = "MyControl", "MyControl\MyControl.csproj", "{43FCDB7C-79AC-4023-B195-5B30B43BEAC0}"
EndProject
Global
	GlobalSection(SolutionConfigurationPlatforms) = preSolution
		Debug|Any CPU = Debug|Any CPU
		Release|Any CPU = Release|Any CPU
	EndGlobalSection
	GlobalSection(ProjectConfigurationPlatforms) = postSolution
		{43FCDB7C-79AC-4023-B195-5B30B43BEAC0}.Debug|Any CPU.ActiveCfg = Debug|Any CPU
		{43FCDB7C-79AC-4023-B195-5B30B43BEAC0}.Debug|Any CPU.Build.0 = Debug|Any CPU
		{43FCDB7C-79AC-4023-B195-5B30B43BEAC0}.Release|Any CPU.ActiveCfg = Release|Any CPU
		{43FCDB7C-79AC-4023-B195-5B30B43BEAC0}.Release|Any CPU.Build.0 = Release|Any CPU
	EndGlobalSection
	GlobalSection(SolutionProperties) = preSolution
		HideSolutionNode = FALSE
	EndGlobalSection
	GlobalSection(ExtensibilityGlobals) = postSolution
		SolutionGuid = {C9D67EF7-BF1A-4937-B6A0-F906EB87DA87}
	EndGlobalSection
EndGlobal
