
Microsoft Visual Studio Solution File, Format Version 12.00
# Visual Studio Version 17
VisualStudioVersion = 17.0.32112.339
MinimumVisualStudioVersion = 10.0.40219.1
Project("{FAE04EC0-301F-11D3-BF4B-00C04F79EFBC}") = "volume oggetti", "volume oggetti\volume oggetti.csproj", "{6C7A2428-AED1-40F5-B122-558C31B7000D}"
EndProject
Global
	GlobalSection(SolutionConfigurationPlatforms) = preSolution
		Debug|Any CPU = Debug|Any CPU
		Release|Any CPU = Release|Any CPU
	EndGlobalSection
	GlobalSection(ProjectConfigurationPlatforms) = postSolution
		{6C7A2428-AED1-40F5-B122-558C31B7000D}.Debug|Any CPU.ActiveCfg = Debug|Any CPU
		{6C7A2428-AED1-40F5-B122-558C31B7000D}.Debug|Any CPU.Build.0 = Debug|Any CPU
		{6C7A2428-AED1-40F5-B122-558C31B7000D}.Release|Any CPU.ActiveCfg = Release|Any CPU
		{6C7A2428-AED1-40F5-B122-558C31B7000D}.Release|Any CPU.Build.0 = Release|Any CPU
	EndGlobalSection
	GlobalSection(SolutionProperties) = preSolution
		HideSolutionNode = FALSE
	EndGlobalSection
	GlobalSection(ExtensibilityGlobals) = postSolution
		SolutionGuid = {E1B0D73A-8F07-45EC-B0B9-448B8B2CFB4F}
	EndGlobalSection
EndGlobal
